
Microsoft Visual Studio Solution File, Format Version 12.00
# Visual Studio 15
VisualStudioVersion = 15.0.27130.2036
MinimumVisualStudioVersion = 10.0.40219.1
Project("{FAE04EC0-301F-11D3-BF4B-00C04F79EFBC}") = "ExactOnlineTest", "ExactOnlineTest\ExactOnlineTest.csproj", "{54AB1D97-45D4-4E52-85B3-1B726DDA40F8}"
EndProject
Project("{FAE04EC0-301F-11D3-BF4B-00C04F79EFBC}") = "ExactOnline.Client.Sdk", "..\..\..\Downloads\exactonline-api-dotnet-client-master\src\ExactOnline.Client.Sdk\ExactOnline.Client.Sdk.csproj", "{EE442AA1-C51A-4531-92DA-A7D9C7B73973}"
EndProject
Project("{FAE04EC0-301F-11D3-BF4B-00C04F79EFBC}") = "ExactOnline.Client.OAuth", "..\..\..\Downloads\exactonline-api-dotnet-client-master\src\ExactOnline.Client.OAuth\ExactOnline.Client.OAuth.csproj", "{610FE8C1-F026-4567-8B47-8CB6338251F6}"
EndProject
Global
	GlobalSection(SolutionConfigurationPlatforms) = preSolution
		Debug|Any CPU = Debug|Any CPU
		Release|Any CPU = Release|Any CPU
	EndGlobalSection
	GlobalSection(ProjectConfigurationPlatforms) = postSolution
		{54AB1D97-45D4-4E52-85B3-1B726DDA40F8}.Debug|Any CPU.ActiveCfg = Debug|Any CPU
		{54AB1D97-45D4-4E52-85B3-1B726DDA40F8}.Debug|Any CPU.Build.0 = Debug|Any CPU
		{54AB1D97-45D4-4E52-85B3-1B726DDA40F8}.Release|Any CPU.ActiveCfg = Release|Any CPU
		{54AB1D97-45D4-4E52-85B3-1B726DDA40F8}.Release|Any CPU.Build.0 = Release|Any CPU
		{EE442AA1-C51A-4531-92DA-A7D9C7B73973}.Debug|Any CPU.ActiveCfg = Debug|Any CPU
		{EE442AA1-C51A-4531-92DA-A7D9C7B73973}.Debug|Any CPU.Build.0 = Debug|Any CPU
		{EE442AA1-C51A-4531-92DA-A7D9C7B73973}.Release|Any CPU.ActiveCfg = Release|Any CPU
		{EE442AA1-C51A-4531-92DA-A7D9C7B73973}.Release|Any CPU.Build.0 = Release|Any CPU
		{610FE8C1-F026-4567-8B47-8CB6338251F6}.Debug|Any CPU.ActiveCfg = Debug|Any CPU
		{610FE8C1-F026-4567-8B47-8CB6338251F6}.Debug|Any CPU.Build.0 = Debug|Any CPU
		{610FE8C1-F026-4567-8B47-8CB6338251F6}.Release|Any CPU.ActiveCfg = Release|Any CPU
		{610FE8C1-F026-4567-8B47-8CB6338251F6}.Release|Any CPU.Build.0 = Release|Any CPU
	EndGlobalSection
	GlobalSection(SolutionProperties) = preSolution
		HideSolutionNode = FALSE
	EndGlobalSection
	GlobalSection(ExtensibilityGlobals) = postSolution
		SolutionGuid = {FCA96898-B60B-4590-B9E7-8BA1BBB92672}
	EndGlobalSection
EndGlobal
